
Microsoft Visual Studio Solution File, Format Version 12.00
# Visual Studio 15
VisualStudioVersion = 15.0.28010.2036
MinimumVisualStudioVersion = 10.0.40219.1
Project("{9A19103F-16F7-4668-BE54-9A1E7A4F7556}") = "DevOpsDemo", "DevOpsDemo\DevOpsDemo.csproj", "{9D24D556-88F1-455B-A9ED-7A8DA4684CF0}"
EndProject
Project("{FAE04EC0-301F-11D3-BF4B-00C04F79EFBC}") = "XUnitTestProject1", "XUnitTestProject1\XUnitTestProject1.csproj", "{5EA3DC65-DE20-40FE-AC16-C42448E869F8}"
EndProject
Global
	GlobalSection(SolutionConfigurationPlatforms) = preSolution
		Debug|Any CPU = Debug|Any CPU
		Release|Any CPU = Release|Any CPU
	EndGlobalSection
	GlobalSection(ProjectConfigurationPlatforms) = postSolution
		{9D24D556-88F1-455B-A9ED-7A8DA4684CF0}.Debug|Any CPU.ActiveCfg = Debug|Any CPU
		{9D24D556-88F1-455B-A9ED-7A8DA4684CF0}.Debug|Any CPU.Build.0 = Debug|Any CPU
		{9D24D556-88F1-455B-A9ED-7A8DA4684CF0}.Release|Any CPU.ActiveCfg = Release|Any CPU
		{9D24D556-88F1-455B-A9ED-7A8DA4684CF0}.Release|Any CPU.Build.0 = Release|Any CPU
		{5EA3DC65-DE20-40FE-AC16-C42448E869F8}.Debug|Any CPU.ActiveCfg = Debug|Any CPU
		{5EA3DC65-DE20-40FE-AC16-C42448E869F8}.Debug|Any CPU.Build.0 = Debug|Any CPU
		{5EA3DC65-DE20-40FE-AC16-C42448E869F8}.Release|Any CPU.ActiveCfg = Release|Any CPU
		{5EA3DC65-DE20-40FE-AC16-C42448E869F8}.Release|Any CPU.Build.0 = Release|Any CPU
	EndGlobalSection
	GlobalSection(SolutionProperties) = preSolution
		HideSolutionNode = FALSE
	EndGlobalSection
	GlobalSection(ExtensibilityGlobals) = postSolution
		SolutionGuid = {537B45B8-C951-4631-8A27-105227415F92}
	EndGlobalSection
EndGlobal
